// !$*UTF8*$!
{
	archiveVersion = 1;
	classes = {
	};
	objectVersion = 50;
	objects = {

/* Begin PBXBuildFile section */
		5EC11034247F75400016E5CF /* AppDelegate.swift in Sources */ = {isa = PBXBuildFile; fileRef = 5EC11033247F75400016E5CF /* AppDelegate.swift */; };
		5EC11036247F75400016E5CF /* HomeViewController.swift in Sources */ = {isa = PBXBuildFile; fileRef = 5EC11035247F75400016E5CF /* HomeViewController.swift */; };
		5EC11039247F75400016E5CF /* Main.storyboard in Resources */ = {isa = PBXBuildFile; fileRef = 5EC11037247F75400016E5CF /* Main.storyboard */; };
		5EC1103B247F75410016E5CF /* Assets.xcassets in Resources */ = {isa = PBXBuildFile; fileRef = 5EC1103A247F75410016E5CF /* Assets.xcassets */; };
		5EC1103E247F75410016E5CF /* LaunchScreen.storyboard in Resources */ = {isa = PBXBuildFile; fileRef = 5EC1103C247F75410016E5CF /* LaunchScreen.storyboard */; };
		5EC11049247F75410016E5CF /* NavigationTests.swift in Sources */ = {isa = PBXBuildFile; fileRef = 5EC11048247F75410016E5CF /* NavigationTests.swift */; };
		5EC11054247F75420016E5CF /* NavigationUITests.swift in Sources */ = {isa = PBXBuildFile; fileRef = 5EC11053247F75420016E5CF /* NavigationUITests.swift */; };
		5EC11062247F76010016E5CF /* MenuViewController.swift in Sources */ = {isa = PBXBuildFile; fileRef = 5EC11061247F76010016E5CF /* MenuViewController.swift */; };
		5EC11065247F7BFE0016E5CF /* AnimatedTransitioning.swift in Sources */ = {isa = PBXBuildFile; fileRef = 5EC11064247F7BFE0016E5CF /* AnimatedTransitioning.swift */; };
/* End PBXBuildFile section */

/* Begin PBXContainerItemProxy section */
		5EC11045247F75410016E5CF /* PBXContainerItemProxy */ = {
			isa = PBXContainerItemProxy;
			containerPortal = 5EC11028247F75400016E5CF /* Project object */;
			proxyType = 1;
			remoteGlobalIDString = 5EC1102F247F75400016E5CF;
			remoteInfo = Navigation;
		};
		5EC11050247F75420016E5CF /* PBXContainerItemProxy */ = {
			isa = PBXContainerItemProxy;
			containerPortal = 5EC11028247F75400016E5CF /* Project object */;
			proxyType = 1;
			remoteGlobalIDString = 5EC1102F247F75400016E5CF;
			remoteInfo = Navigation;
		};
/* End PBXContainerItemProxy section */

/* Begin PBXFileReference section */
		5EC11030247F75400016E5CF /* Navigation.app */ = {isa = PBXFileReference; explicitFileType = wrapper.application; includeInIndex = 0; path = Navigation.app; sourceTree = BUILT_PRODUCTS_DIR; };
		5EC11033247F75400016E5CF /* AppDelegate.swift */ = {isa = PBXFileReference; lastKnownFileType = sourcecode.swift; path = AppDelegate.swift; sourceTree = "<group>"; };
		5EC11035247F75400016E5CF /* HomeViewController.swift */ = {isa = PBXFileReference; lastKnownFileType = sourcecode.swift; path = HomeViewController.swift; sourceTree = "<group>"; };
		5EC11038247F75400016E5CF /* Base */ = {isa = PBXFileReference; lastKnownFileType = file.storyboard; name = Base; path = Base.lproj/Main.storyboard; sourceTree = "<group>"; };
		5EC1103A247F75410016E5CF /* Assets.xcassets */ = {isa = PBXFileReference; lastKnownFileType = folder.assetcatalog; path = Assets.xcassets; sourceTree = "<group>"; };
		5EC1103D247F75410016E5CF /* Base */ = {isa = PBXFileReference; lastKnownFileType = file.storyboard; name = Base; path = Base.lproj/LaunchScreen.storyboard; sourceTree = "<group>"; };
		5EC1103F247F75410016E5CF /* Info.plist */ = {isa = PBXFileReference; lastKnownFileType = text.plist.xml; path = Info.plist; sourceTree = "<group>"; };
		5EC11044247F75410016E5CF /* NavigationTests.xctest */ = {isa = PBXFileReference; explicitFileType = wrapper.cfbundle; includeInIndex = 0; path = NavigationTests.xctest; sourceTree = BUILT_PRODUCTS_DIR; };
		5EC11048247F75410016E5CF /* NavigationTests.swift */ = {isa = PBXFileReference; lastKnownFileType = sourcecode.swift; path = NavigationTests.swift; sourceTree = "<group>"; };
		5EC1104A247F75410016E5CF /* Info.plist */ = {isa = PBXFileReference; lastKnownFileType = text.plist.xml; path = Info.plist; sourceTree = "<group>"; };
		5EC1104F247F75420016E5CF /* NavigationUITests.xctest */ = {isa = PBXFileReference; explicitFileType = wrapper.cfbundle; includeInIndex = 0; path = NavigationUITests.xctest; sourceTree = BUILT_PRODUCTS_DIR; };
		5EC11053247F75420016E5CF /* NavigationUITests.swift */ = {isa = PBXFileReference; lastKnownFileType = sourcecode.swift; path = NavigationUITests.swift; sourceTree = "<group>"; };
		5EC11055247F75420016E5CF /* Info.plist */ = {isa = PBXFileReference; lastKnownFileType = text.plist.xml; path = Info.plist; sourceTree = "<group>"; };
		5EC11061247F76010016E5CF /* MenuViewController.swift */ = {isa = PBXFileReference; lastKnownFileType = sourcecode.swift; path = MenuViewController.swift; sourceTree = "<group>"; };
		5EC11064247F7BFE0016E5CF /* AnimatedTransitioning.swift */ = {isa = PBXFileReference; lastKnownFileType = sourcecode.swift; path = AnimatedTransitioning.swift; sourceTree = "<group>"; };
/* End PBXFileReference section */

/* Begin PBXFrameworksBuildPhase section */
		5EC1102D247F75400016E5CF /* Frameworks */ = {
			isa = PBXFrameworksBuildPhase;
			buildActionMask = 2147483647;
			files = (
			);
			runOnlyForDeploymentPostprocessing = 0;
		};
		5EC11041247F75410016E5CF /* Frameworks */ = {
			isa = PBXFrameworksBuildPhase;
			buildActionMask = 2147483647;
			files = (
			);
			runOnlyForDeploymentPostprocessing = 0;
		};
		5EC1104C247F75420016E5CF /* Frameworks */ = {
			isa = PBXFrameworksBuildPhase;
			buildActionMask = 2147483647;
			files = (
			);
			runOnlyForDeploymentPostprocessing = 0;
		};
/* End PBXFrameworksBuildPhase section */

/* Begin PBXGroup section */
		5EC11027247F75400016E5CF = {
			isa = PBXGroup;
			children = (
				5EC11032247F75400016E5CF /* Navigation */,
				5EC11047247F75410016E5CF /* NavigationTests */,
				5EC11052247F75420016E5CF /* NavigationUITests */,
				5EC11031247F75400016E5CF /* Products */,
			);
			sourceTree = "<group>";
		};
		5EC11031247F75400016E5CF /* Products */ = {
			isa = PBXGroup;
			children = (
				5EC11030247F75400016E5CF /* Navigation.app */,
				5EC11044247F75410016E5CF /* NavigationTests.xctest */,
				5EC1104F247F75420016E5CF /* NavigationUITests.xctest */,
			);
			name = Products;
			sourceTree = "<group>";
		};
		5EC11032247F75400016E5CF /* Navigation */ = {
			isa = PBXGroup;
			children = (
				5EC11063247F7BCF0016E5CF /* menu */,
				5EC11033247F75400016E5CF /* AppDelegate.swift */,
				5EC11037247F75400016E5CF /* Main.storyboard */,
				5EC1103A247F75410016E5CF /* Assets.xcassets */,
				5EC1103C247F75410016E5CF /* LaunchScreen.storyboard */,
				5EC1103F247F75410016E5CF /* Info.plist */,
			);
			path = Navigation;
			sourceTree = "<group>";
		};
		5EC11047247F75410016E5CF /* NavigationTests */ = {
			isa = PBXGroup;
			children = (
				5EC11048247F75410016E5CF /* NavigationTests.swift */,
				5EC1104A247F75410016E5CF /* Info.plist */,
			);
			path = NavigationTests;
			sourceTree = "<group>";
		};
		5EC11052247F75420016E5CF /* NavigationUITests */ = {
			isa = PBXGroup;
			children = (
				5EC11053247F75420016E5CF /* NavigationUITests.swift */,
				5EC11055247F75420016E5CF /* Info.plist */,
			);
			path = NavigationUITests;
			sourceTree = "<group>";
		};
		5EC11063247F7BCF0016E5CF /* menu */ = {
			isa = PBXGroup;
			children = (
				5EC11035247F75400016E5CF /* HomeViewController.swift */,
				5EC11061247F76010016E5CF /* MenuViewController.swift */,
				5EC11064247F7BFE0016E5CF /* AnimatedTransitioning.swift */,
			);
			path = menu;
			sourceTree = "<group>";
		};
/* End PBXGroup section */

/* Begin PBXNativeTarget section */
		5EC1102F247F75400016E5CF /* Navigation */ = {
			isa = PBXNativeTarget;
			buildConfigurationList = 5EC11058247F75420016E5CF /* Build configuration list for PBXNativeTarget "Navigation" */;
			buildPhases = (
				5EC1102C247F75400016E5CF /* Sources */,
				5EC1102D247F75400016E5CF /* Frameworks */,
				5EC1102E247F75400016E5CF /* Resources */,
			);
			buildRules = (
			);
			dependencies = (
			);
			name = Navigation;
			productName = Navigation;
			productReference = 5EC11030247F75400016E5CF /* Navigation.app */;
			productType = "com.apple.product-type.application";
		};
		5EC11043247F75410016E5CF /* NavigationTests */ = {
			isa = PBXNativeTarget;
			buildConfigurationList = 5EC1105B247F75420016E5CF /* Build configuration list for PBXNativeTarget "NavigationTests" */;
			buildPhases = (
				5EC11040247F75410016E5CF /* Sources */,
				5EC11041247F75410016E5CF /* Frameworks */,
				5EC11042247F75410016E5CF /* Resources */,
			);
			buildRules = (
			);
			dependencies = (
				5EC11046247F75410016E5CF /* PBXTargetDependency */,
			);
			name = NavigationTests;
			productName = NavigationTests;
			productReference = 5EC11044247F75410016E5CF /* NavigationTests.xctest */;
			productType = "com.apple.product-type.bundle.unit-test";
		};
		5EC1104E247F75420016E5CF /* NavigationUITests */ = {
			isa = PBXNativeTarget;
			buildConfigurationList = 5EC1105E247F75420016E5CF /* Build configuration list for PBXNativeTarget "NavigationUITests" */;
			buildPhases = (
				5EC1104B247F75420016E5CF /* Sources */,
				5EC1104C247F75420016E5CF /* Frameworks */,
				5EC1104D247F75420016E5CF /* Resources */,
			);
			buildRules = (
			);
			dependencies = (
				5EC11051247F75420016E5CF /* PBXTargetDependency */,
			);
			name = NavigationUITests;
			productName = NavigationUITests;
			productReference = 5EC1104F247F75420016E5CF /* NavigationUITests.xctest */;
			productType = "com.apple.product-type.bundle.ui-testing";
		};
/* End PBXNativeTarget section */

/* Begin PBXProject section */
		5EC11028247F75400016E5CF /* Project object */ = {
			isa = PBXProject;
			attributes = {
				LastSwiftUpdateCheck = 1030;
				LastUpgradeCheck = 1030;
				ORGANIZATIONNAME = VTB;
				TargetAttributes = {
					5EC1102F247F75400016E5CF = {
						CreatedOnToolsVersion = 10.3;
					};
					5EC11043247F75410016E5CF = {
						CreatedOnToolsVersion = 10.3;
						TestTargetID = 5EC1102F247F75400016E5CF;
					};
					5EC1104E247F75420016E5CF = {
						CreatedOnToolsVersion = 10.3;
						TestTargetID = 5EC1102F247F75400016E5CF;
					};
				};
			};
			buildConfigurationList = 5EC1102B247F75400016E5CF /* Build configuration list for PBXProject "Navigation" */;
			compatibilityVersion = "Xcode 9.3";
			developmentRegion = en;
			hasScannedForEncodings = 0;
			knownRegions = (
				en,
				Base,
			);
			mainGroup = 5EC11027247F75400016E5CF;
			productRefGroup = 5EC11031247F75400016E5CF /* Products */;
			projectDirPath = "";
			projectRoot = "";
			targets = (
				5EC1102F247F75400016E5CF /* Navigation */,
				5EC11043247F75410016E5CF /* NavigationTests */,
				5EC1104E247F75420016E5CF /* NavigationUITests */,
			);
		};
/* End PBXProject section */

/* Begin PBXResourcesBuildPhase section */
		5EC1102E247F75400016E5CF /* Resources */ = {
			isa = PBXResourcesBuildPhase;
			buildActionMask = 2147483647;
			files = (
				5EC1103E247F75410016E5CF /* LaunchScreen.storyboard in Resources */,
				5EC1103B247F75410016E5CF /* Assets.xcassets in Resources */,
				5EC11039247F75400016E5CF /* Main.storyboard in Resources */,
			);
			runOnlyForDeploymentPostprocessing = 0;
		};
		5EC11042247F75410016E5CF /* Resources */ = {
			isa = PBXResourcesBuildPhase;
			buildActionMask = 2147483647;
			files = (
			);
			runOnlyForDeploymentPostprocessing = 0;
		};
		5EC1104D247F75420016E5CF /* Resources */ = {
			isa = PBXResourcesBuildPhase;
			buildActionMask = 2147483647;
			files = (
			);
			runOnlyForDeploymentPostprocessing = 0;
		};
/* End PBXResourcesBuildPhase section */

/* Begin PBXSourcesBuildPhase section */
		5EC1102C247F75400016E5CF /* Sources */ = {
			isa = PBXSourcesBuildPhase;
			buildActionMask = 2147483647;
			files = (
				5EC11036247F75400016E5CF /* HomeViewController.swift in Sources */,
				5EC11062247F76010016E5CF /* MenuViewController.swift in Sources */,
				5EC11065247F7BFE0016E5CF /* AnimatedTransitioning.swift in Sources */,
				5EC11034247F75400016E5CF /* AppDelegate.swift in Sources */,
			);
			runOnlyForDeploymentPostprocessing = 0;
		};
		5EC11040247F75410016E5CF /* Sources */ = {
			isa = PBXSourcesBuildPhase;
			buildActionMask = 2147483647;
			files = (
				5EC11049247F75410016E5CF /* NavigationTests.swift in Sources */,
			);
			runOnlyForDeploymentPostprocessing = 0;
		};
		5EC1104B247F75420016E5CF /* Sources */ = {
			isa = PBXSourcesBuildPhase;
			buildActionMask = 2147483647;
			files = (
				5EC11054247F75420016E5CF /* NavigationUITests.swift in Sources */,
			);
			runOnlyForDeploymentPostprocessing = 0;
		};
/* End PBXSourcesBuildPhase section */

/* Begin PBXTargetDependency section */
		5EC11046247F75410016E5CF /* PBXTargetDependency */ = {
			isa = PBXTargetDependency;
			target = 5EC1102F247F75400016E5CF /* Navigation */;
			targetProxy = 5EC11045247F75410016E5CF /* PBXContainerItemProxy */;
		};
		5EC11051247F75420016E5CF /* PBXTargetDependency */ = {
			isa = PBXTargetDependency;
			target = 5EC1102F247F75400016E5CF /* Navigation */;
			targetProxy = 5EC11050247F75420016E5CF /* PBXContainerItemProxy */;
		};
/* End PBXTargetDependency section */

/* Begin PBXVariantGroup section */
		5EC11037247F75400016E5CF /* Main.storyboard */ = {
			isa = PBXVariantGroup;
			children = (
				5EC11038247F75400016E5CF /* Base */,
			);
			name = Main.storyboard;
			sourceTree = "<group>";
		};
		5EC1103C247F75410016E5CF /* LaunchScreen.storyboard */ = {
			isa = PBXVariantGroup;
			children = (
				5EC1103D247F75410016E5CF /* Base */,
			);
			name = LaunchScreen.storyboard;
			sourceTree = "<group>";
		};
/* End PBXVariantGroup section */

/* Begin XCBuildConfiguration section */
		5EC11056247F75420016E5CF /* Debug */ = {
			isa = XCBuildConfiguration;
			buildSettings = {
				ALWAYS_SEARCH_USER_PATHS = NO;
				CLANG_ANALYZER_NONNULL = YES;
				CLANG_ANALYZER_NUMBER_OBJECT_CONVERSION = YES_AGGRESSIVE;
				CLANG_CXX_LANGUAGE_STANDARD = "gnu++14";
				CLANG_CXX_LIBRARY = "libc++";
				CLANG_ENABLE_MODULES = YES;
				CLANG_ENABLE_OBJC_ARC = YES;
				CLANG_ENABLE_OBJC_WEAK = YES;
				CLANG_WARN_BLOCK_CAPTURE_AUTORELEASING = YES;
				CLANG_WARN_BOOL_CONVERSION = YES;
				CLANG_WARN_COMMA = YES;
				CLANG_WARN_CONSTANT_CONVERSION = YES;
				CLANG_WARN_DEPRECATED_OBJC_IMPLEMENTATIONS = YES;
				CLANG_WARN_DIRECT_OBJC_ISA_USAGE = YES_ERROR;
				CLANG_WARN_DOCUMENTATION_COMMENTS = YES;
				CLANG_WARN_EMPTY_BODY = YES;
				CLANG_WARN_ENUM_CONVERSION = YES;
				CLANG_WARN_INFINITE_RECURSION = YES;
				CLANG_WARN_INT_CONVERSION = YES;
				CLANG_WARN_NON_LITERAL_NULL_CONVERSION = YES;
				CLANG_WARN_OBJC_IMPLICIT_RETAIN_SELF = YES;
				CLANG_WARN_OBJC_LITERAL_CONVERSION = YES;
				CLANG_WARN_OBJC_ROOT_CLASS = YES_ERROR;
				CLANG_WARN_RANGE_LOOP_ANALYSIS = YES;
				CLANG_WARN_STRICT_PROTOTYPES = YES;
				CLANG_WARN_SUSPICIOUS_MOVE = YES;
				CLANG_WARN_UNGUARDED_AVAILABILITY = YES_AGGRESSIVE;
				CLANG_WARN_UNREACHABLE_CODE = YES;
				CLANG_WARN__DUPLICATE_METHOD_MATCH = YES;
				CODE_SIGN_IDENTITY = "iPhone Developer";
				COPY_PHASE_STRIP = NO;
				DEBUG_INFORMATION_FORMAT = dwarf;
				ENABLE_STRICT_OBJC_MSGSEND = YES;
				ENABLE_TESTABILITY = YES;
				GCC_C_LANGUAGE_STANDARD = gnu11;
				GCC_DYNAMIC_NO_PIC = NO;
				GCC_NO_COMMON_BLOCKS = YES;
				GCC_OPTIMIZATION_LEVEL = 0;
				GCC_PREPROCESSOR_DEFINITIONS = (
					"DEBUG=1",
					"$(inherited)",
				);
				GCC_WARN_64_TO_32_BIT_CONVERSION = YES;
				GCC_WARN_ABOUT_RETURN_TYPE = YES_ERROR;
				GCC_WARN_UNDECLARED_SELECTOR = YES;
				GCC_WARN_UNINITIALIZED_AUTOS = YES_AGGRESSIVE;
				GCC_WARN_UNUSED_FUNCTION = YES;
				GCC_WARN_UNUSED_VARIABLE = YES;
				IPHONEOS_DEPLOYMENT_TARGET = 12.4;
				MTL_ENABLE_DEBUG_INFO = INCLUDE_SOURCE;
				MTL_FAST_MATH = YES;
				ONLY_ACTIVE_ARCH = YES;
				SDKROOT = iphoneos;
				SWIFT_ACTIVE_COMPILATION_CONDITIONS = DEBUG;
				SWIFT_OPTIMIZATION_LEVEL = "-Onone";
			};
			name = Debug;
		};
		5EC11057247F75420016E5CF /* Release */ = {
			isa = XCBuildConfiguration;
			buildSettings = {
				ALWAYS_SEARCH_USER_PATHS = NO;
				CLANG_ANALYZER_NONNULL = YES;
				CLANG_ANALYZER_NUMBER_OBJECT_CONVERSION = YES_AGGRESSIVE;
				CLANG_CXX_LANGUAGE_STANDARD = "gnu++14";
				CLANG_CXX_LIBRARY = "libc++";
				CLANG_ENABLE_MODULES = YES;
				CLANG_ENABLE_OBJC_ARC = YES;
				CLANG_ENABLE_OBJC_WEAK = YES;
				CLANG_WARN_BLOCK_CAPTURE_AUTORELEASING = YES;
				CLANG_WARN_BOOL_CONVERSION = YES;
				CLANG_WARN_COMMA = YES;
				CLANG_WARN_CONSTANT_CONVERSION = YES;
				CLANG_WARN_DEPRECATED_OBJC_IMPLEMENTATIONS = YES;
				CLANG_WARN_DIRECT_OBJC_ISA_USAGE = YES_ERROR;
				CLANG_WARN_DOCUMENTATION_COMMENTS = YES;
				CLANG_WARN_EMPTY_BODY = YES;
				CLANG_WARN_ENUM_CONVERSION = YES;
				CLANG_WARN_INFINITE_RECURSION = YES;
				CLANG_WARN_INT_CONVERSION = YES;
				CLANG_WARN_NON_LITERAL_NULL_CONVERSION = YES;
				CLANG_WARN_OBJC_IMPLICIT_RETAIN_SELF = YES;
				CLANG_WARN_OBJC_LITERAL_CONVERSION = YES;
				CLANG_WARN_OBJC_ROOT_CLASS = YES_ERROR;
				CLANG_WARN_RANGE_LOOP_ANALYSIS = YES;
				CLANG_WARN_STRICT_PROTOTYPES = YES;
				CLANG_WARN_SUSPICIOUS_MOVE = YES;
				CLANG_WARN_UNGUARDED_AVAILABILITY = YES_AGGRESSIVE;
				CLANG_WARN_UNREACHABLE_CODE = YES;
				CLANG_WARN__DUPLICATE_METHOD_MATCH = YES;
				CODE_SIGN_IDENTITY = "iPhone Developer";
				COPY_PHASE_STRIP = NO;
				DEBUG_INFORMATION_FORMAT = "dwarf-with-dsym";
				ENABLE_NS_ASSERTIONS = NO;
				ENABLE_STRICT_OBJC_MSGSEND = YES;
				GCC_C_LANGUAGE_STANDARD = gnu11;
				GCC_NO_COMMON_BLOCKS = YES;
				GCC_WARN_64_TO_32_BIT_CONVERSION = YES;
				GCC_WARN_ABOUT_RETURN_TYPE = YES_ERROR;
				GCC_WARN_UNDECLARED_SELECTOR = YES;
				GCC_WARN_UNINITIALIZED_AUTOS = YES_AGGRESSIVE;
				GCC_WARN_UNUSED_FUNCTION = YES;
				GCC_WARN_UNUSED_VARIABLE = YES;
				IPHONEOS_DEPLOYMENT_TARGET = 12.4;
				MTL_ENABLE_DEBUG_INFO = NO;
				MTL_FAST_MATH = YES;
				SDKROOT = iphoneos;
				SWIFT_COMPILATION_MODE = wholemodule;
				SWIFT_OPTIMIZATION_LEVEL = "-O";
				VALIDATE_PRODUCT = YES;
			};
			name = Release;
		};
		5EC11059247F75420016E5CF /* Debug */ = {
			isa = XCBuildConfiguration;
			buildSettings = {
				ASSETCATALOG_COMPILER_APPICON_NAME = AppIcon;
				CODE_SIGN_STYLE = Automatic;
				INFOPLIST_FILE = Navigation/Info.plist;
				LD_RUNPATH_SEARCH_PATHS = (
					"$(inherited)",
					"@executable_path/Frameworks",
				);
				PRODUCT_BUNDLE_IDENTIFIER = com.vtb.Navigation;
				PRODUCT_NAME = "$(TARGET_NAME)";
				SWIFT_VERSION = 5.0;
				TARGETED_DEVICE_FAMILY = "1,2";
			};
			name = Debug;
		};
		5EC1105A247F75420016E5CF /* Release */ = {
			isa = XCBuildConfiguration;
			buildSettings = {
				ASSETCATALOG_COMPILER_APPICON_NAME = AppIcon;
				CODE_SIGN_STYLE = Automatic;
				INFOPLIST_FILE = Navigation/Info.plist;
				LD_RUNPATH_SEARCH_PATHS = (
					"$(inherited)",
					"@executable_path/Frameworks",
				);
				PRODUCT_BUNDLE_IDENTIFIER = com.vtb.Navigation;
				PRODUCT_NAME = "$(TARGET_NAME)";
				SWIFT_VERSION = 5.0;
				TARGETED_DEVICE_FAMILY = "1,2";
			};
			name = Release;
		};
		5EC1105C247F75420016E5CF /* Debug */ = {
			isa = XCBuildConfiguration;
			buildSettings = {
				ALWAYS_EMBED_SWIFT_STANDARD_LIBRARIES = YES;
				BUNDLE_LOADER = "$(TEST_HOST)";
				CODE_SIGN_STYLE = Automatic;
				INFOPLIST_FILE = NavigationTests/Info.plist;
				LD_RUNPATH_SEARCH_PATHS = (
					"$(inherited)",
					"@executable_path/Frameworks",
					"@loader_path/Frameworks",
				);
				PRODUCT_BUNDLE_IDENTIFIER = com.vtb.NavigationTests;
				PRODUCT_NAME = "$(TARGET_NAME)";
				SWIFT_VERSION = 5.0;
				TARGETED_DEVICE_FAMILY = "1,2";
				TEST_HOST = "$(BUILT_PRODUCTS_DIR)/Navigation.app/Navigation";
			};
			name = Debug;
		};
		5EC1105D247F75420016E5CF /* Release */ = {
			isa = XCBuildConfiguration;
			buildSettings = {
				ALWAYS_EMBED_SWIFT_STANDARD_LIBRARIES = YES;
				BUNDLE_LOADER = "$(TEST_HOST)";
				CODE_SIGN_STYLE = Automatic;
				INFOPLIST_FILE = NavigationTests/Info.plist;
				LD_RUNPATH_SEARCH_PATHS = (
					"$(inherited)",
					"@executable_path/Frameworks",
					"@loader_path/Frameworks",
				);
				PRODUCT_BUNDLE_IDENTIFIER = com.vtb.NavigationTests;
				PRODUCT_NAME = "$(TARGET_NAME)";
				SWIFT_VERSION = 5.0;
				TARGETED_DEVICE_FAMILY = "1,2";
				TEST_HOST = "$(BUILT_PRODUCTS_DIR)/Navigation.app/Navigation";
			};
			name = Release;
		};
		5EC1105F247F75420016E5CF /* Debug */ = {
			isa = XCBuildConfiguration;
			buildSettings = {
				ALWAYS_EMBED_SWIFT_STANDARD_LIBRARIES = YES;
				CODE_SIGN_STYLE = Automatic;
				INFOPLIST_FILE = NavigationUITests/Info.plist;
				LD_RUNPATH_SEARCH_PATHS = (
					"$(inherited)",
					"@executable_path/Frameworks",
					"@loader_path/Frameworks",
				);
				PRODUCT_BUNDLE_IDENTIFIER = com.vtb.NavigationUITests;
				PRODUCT_NAME = "$(TARGET_NAME)";
				SWIFT_VERSION = 5.0;
				TARGETED_DEVICE_FAMILY = "1,2";
				TEST_TARGET_NAME = Navigation;
			};
			name = Debug;
		};
		5EC11060247F75420016E5CF /* Release */ = {
			isa = XCBuildConfiguration;
			buildSettings = {
				ALWAYS_EMBED_SWIFT_STANDARD_LIBRARIES = YES;
				CODE_SIGN_STYLE = Automatic;
				INFOPLIST_FILE = NavigationUITests/Info.plist;
				LD_RUNPATH_SEARCH_PATHS = (
					"$(inherited)",
					"@executable_path/Frameworks",
					"@loader_path/Frameworks",
				);
				PRODUCT_BUNDLE_IDENTIFIER = com.vtb.NavigationUITests;
				PRODUCT_NAME = "$(TARGET_NAME)";
				SWIFT_VERSION = 5.0;
				TARGETED_DEVICE_FAMILY = "1,2";
				TEST_TARGET_NAME = Navigation;
			};
			name = Release;
		};
/* End XCBuildConfiguration section */

/* Begin XCConfigurationList section */
		5EC1102B247F75400016E5CF /* Build configuration list for PBXProject "Navigation" */ = {
			isa = XCConfigurationList;
			buildConfigurations = (
				5EC11056247F75420016E5CF /* Debug */,
				5EC11057247F75420016E5CF /* Release */,
			);
			defaultConfigurationIsVisible = 0;
			defaultConfigurationName = Release;
		};
		5EC11058247F75420016E5CF /* Build configuration list for PBXNativeTarget "Navigation" */ = {
			isa = XCConfigurationList;
			buildConfigurations = (
				5EC11059247F75420016E5CF /* Debug */,
				5EC1105A247F75420016E5CF /* Release */,
			);
			defaultConfigurationIsVisible = 0;
			defaultConfigurationName = Release;
		};
		5EC1105B247F75420016E5CF /* Build configuration list for PBXNativeTarget "NavigationTests" */ = {
			isa = XCConfigurationList;
			buildConfigurations = (
				5EC1105C247F75420016E5CF /* Debug */,
				5EC1105D247F75420016E5CF /* Release */,
			);
			defaultConfigurationIsVisible = 0;
			defaultConfigurationName = Release;
		};
		5EC1105E247F75420016E5CF /* Build configuration list for PBXNativeTarget "NavigationUITests" */ = {
			isa = XCConfigurationList;
			buildConfigurations = (
				5EC1105F247F75420016E5CF /* Debug */,
				5EC11060247F75420016E5CF /* Release */,
			);
			defaultConfigurationIsVisible = 0;
			defaultConfigurationName = Release;
		};
/* End XCConfigurationList section */
	};
	rootObject = 5EC11028247F75400016E5CF /* Project object */;
}
